# THIS IS AN AUTOGENERATED FILE. DO NOT EDIT THIS FILE DIRECTLY.
# yarn lockfile v1


jslib-html5-camera-photo@3.1.3:
  version "3.1.3"
  resolved "https://registry.yarnpkg.com/jslib-html5-camera-photo/-/jslib-html5-camera-photo-3.1.3.tgz#37008b64b539ad283c83a1de2724e8a6c4d0f6c6"
  integrity sha512-8vJwX0a6o82+AJur7KntGvGLYhfxN5h7HRNd77zuoLOi3/Rd+5L47gL9MwTHdtWu3J3VC3a3MuC4KiW8l8HXzA==

react-html5-camera-photo@^1.5.2:
  version "1.5.2"
  resolved "https://registry.yarnpkg.com/react-html5-camera-photo/-/react-html5-camera-photo-1.5.2.tgz#2537284bfa92fcfb5f48cf4d0973da551401076d"
  integrity sha512-D7eCoKyZVVPYYseEdV6JR2uRX1ajfw8s0FFZMywxxWjTjlsk1bqwQzsuGIG2gTR51bGKHrm3Q1JMrGSLeHlk3w==
  dependencies:
    jslib-html5-camera-photo "3.1.3"
